
Microsoft Visual Studio Solution File, Format Version 12.00
# Visual Studio Version 17
VisualStudioVersion = 17.5.33424.131
MinimumVisualStudioVersion = 10.0.40219.1
Project("{FAE04EC0-301F-11D3-BF4B-00C04F79EFBC}") = "ChallengeApp", "ChallengeApp\ChallengeApp.csproj", "{B43E938D-EEF5-46FC-BA58-02B62B584015}"
EndProject
Global
	GlobalSection(SolutionConfigurationPlatforms) = preSolution
		Debug|Any CPU = Debug|Any CPU
		Release|Any CPU = Release|Any CPU
	EndGlobalSection
	GlobalSection(ProjectConfigurationPlatforms) = postSolution
		{B43E938D-EEF5-46FC-BA58-02B62B584015}.Debug|Any CPU.ActiveCfg = Debug|Any CPU
		{B43E938D-EEF5-46FC-BA58-02B62B584015}.Debug|Any CPU.Build.0 = Debug|Any CPU
		{B43E938D-EEF5-46FC-BA58-02B62B584015}.Release|Any CPU.ActiveCfg = Release|Any CPU
		{B43E938D-EEF5-46FC-BA58-02B62B584015}.Release|Any CPU.Build.0 = Release|Any CPU
	EndGlobalSection
	GlobalSection(SolutionProperties) = preSolution
		HideSolutionNode = FALSE
	EndGlobalSection
	GlobalSection(ExtensibilityGlobals) = postSolution
		SolutionGuid = {8371C2D0-C60F-4102-9B6F-3EB5352AAB75}
	EndGlobalSection
EndGlobal
